
Microsoft Visual Studio Solution File, Format Version 12.00
# Visual Studio Version 17
VisualStudioVersion = 17.0.31903.59
MinimumVisualStudioVersion = 10.0.40219.1
Project("{2150E333-8FDC-42A3-9474-1A3956D46DE8}") = "src", "src", "{190F20AA-277B-4F99-A2B8-760029EE5DCF}"
EndProject
Project("{2150E333-8FDC-42A3-9474-1A3956D46DE8}") = "Solution items", "Solution items", "{6C06B43D-81FD-431C-8700-7EC7B16061B9}"
	ProjectSection(SolutionItems) = preProject
		README.md = README.md
	EndProjectSection
EndProject
Project("{9A19103F-16F7-4668-BE54-9A1E7A4F7556}") = "True.Code.ToDoListAPI", "src\True.Code.ToDoListAPI\True.Code.ToDoListAPI.csproj", "{182B130C-520E-420D-B2EF-8402DDB4B0B1}"
EndProject
Project("{2150E333-8FDC-42A3-9474-1A3956D46DE8}") = "scripts", "scripts", "{E6268BD8-3310-4256-84C5-A695F54C742C}"
	ProjectSection(SolutionItems) = preProject
		scripts\addpackages.sh = scripts\addpackages.sh
		scripts\init.sh = scripts\init.sh
		scripts\temp.sql = scripts\temp.sql
		scripts\tools.sh = scripts\tools.sh
		scripts\run_test.sh = scripts\run_test.sh
	EndProjectSection
EndProject
Project("{2150E333-8FDC-42A3-9474-1A3956D46DE8}") = "Tests", "Tests", "{3EF5B177-6E44-4217-A3FA-075CB55A7B8E}"
EndProject
Project("{FAE04EC0-301F-11D3-BF4B-00C04F79EFBC}") = "True.Code.ToDoListAPI.Tests", "src\Tests\True.Code.ToDoListAPI.Tests\True.Code.ToDoListAPI.Tests.csproj", "{E7CD7064-D88C-4424-83F9-9DA0DA87E07A}"
EndProject
Project("{FAE04EC0-301F-11D3-BF4B-00C04F79EFBC}") = "RabbitMQTests", "src\Tests\RabbitMQTests\RabbitMQTests.csproj", "{1ED9A4E1-CC3C-4E04-B272-F4F1C59FB2B7}"
EndProject
Global
	GlobalSection(SolutionConfigurationPlatforms) = preSolution
		Debug|Any CPU = Debug|Any CPU
		Release|Any CPU = Release|Any CPU
	EndGlobalSection
	GlobalSection(ProjectConfigurationPlatforms) = postSolution
		{182B130C-520E-420D-B2EF-8402DDB4B0B1}.Debug|Any CPU.ActiveCfg = Debug|Any CPU
		{182B130C-520E-420D-B2EF-8402DDB4B0B1}.Debug|Any CPU.Build.0 = Debug|Any CPU
		{182B130C-520E-420D-B2EF-8402DDB4B0B1}.Release|Any CPU.ActiveCfg = Release|Any CPU
		{182B130C-520E-420D-B2EF-8402DDB4B0B1}.Release|Any CPU.Build.0 = Release|Any CPU
		{AE3C6ECC-AE80-41D7-8EF3-20D3050AA63B}.Debug|Any CPU.ActiveCfg = Debug|Any CPU
		{AE3C6ECC-AE80-41D7-8EF3-20D3050AA63B}.Debug|Any CPU.Build.0 = Debug|Any CPU
		{AE3C6ECC-AE80-41D7-8EF3-20D3050AA63B}.Release|Any CPU.ActiveCfg = Release|Any CPU
		{AE3C6ECC-AE80-41D7-8EF3-20D3050AA63B}.Release|Any CPU.Build.0 = Release|Any CPU
		{E7CD7064-D88C-4424-83F9-9DA0DA87E07A}.Debug|Any CPU.ActiveCfg = Debug|Any CPU
		{E7CD7064-D88C-4424-83F9-9DA0DA87E07A}.Debug|Any CPU.Build.0 = Debug|Any CPU
		{E7CD7064-D88C-4424-83F9-9DA0DA87E07A}.Release|Any CPU.ActiveCfg = Release|Any CPU
		{E7CD7064-D88C-4424-83F9-9DA0DA87E07A}.Release|Any CPU.Build.0 = Release|Any CPU
		{1ED9A4E1-CC3C-4E04-B272-F4F1C59FB2B7}.Debug|Any CPU.ActiveCfg = Debug|Any CPU
		{1ED9A4E1-CC3C-4E04-B272-F4F1C59FB2B7}.Debug|Any CPU.Build.0 = Debug|Any CPU
		{1ED9A4E1-CC3C-4E04-B272-F4F1C59FB2B7}.Release|Any CPU.ActiveCfg = Release|Any CPU
		{1ED9A4E1-CC3C-4E04-B272-F4F1C59FB2B7}.Release|Any CPU.Build.0 = Release|Any CPU
	EndGlobalSection
	GlobalSection(SolutionProperties) = preSolution
		HideSolutionNode = FALSE
	EndGlobalSection
	GlobalSection(NestedProjects) = preSolution
		{182B130C-520E-420D-B2EF-8402DDB4B0B1} = {190F20AA-277B-4F99-A2B8-760029EE5DCF}
		{3EF5B177-6E44-4217-A3FA-075CB55A7B8E} = {190F20AA-277B-4F99-A2B8-760029EE5DCF}
		{E7CD7064-D88C-4424-83F9-9DA0DA87E07A} = {3EF5B177-6E44-4217-A3FA-075CB55A7B8E}
		{1ED9A4E1-CC3C-4E04-B272-F4F1C59FB2B7} = {3EF5B177-6E44-4217-A3FA-075CB55A7B8E}
	EndGlobalSection
	GlobalSection(ExtensibilityGlobals) = postSolution
		SolutionGuid = {1A64A061-4F7C-42D1-8B68-3E495B626E2B}
	EndGlobalSection
EndGlobal
